
Microsoft Visual Studio Solution File, Format Version 12.00
# Visual Studio 15
VisualStudioVersion = 15.0.28307.852
MinimumVisualStudioVersion = 10.0.40219.1
Project("{FAE04EC0-301F-11D3-BF4B-00C04F79EFBC}") = "WMSA_Project", "WMSA_Project\WMSA_Project.csproj", "{F3178419-479C-4805-848E-E7CB6E07ACA0}"
EndProject
Project("{FAE04EC0-301F-11D3-BF4B-00C04F79EFBC}") = "WMSA_UTests", "WMSA_UTests\WMSA_UTests.csproj", "{D1051509-E00C-4C13-ACBD-BCF294F2A8FB}"
EndProject
Project("{FAE04EC0-301F-11D3-BF4B-00C04F79EFBC}") = "WMSA_DAL", "WMSA_DAL\WMSA_DAL.csproj", "{892991B7-3F57-439D-B3A8-F6720196B177}"
EndProject
Project("{FAE04EC0-301F-11D3-BF4B-00C04F79EFBC}") = "WMSA.Entities", "WMSA.Entities\WMSA.Entities.csproj", "{EB3FEBE5-82BD-46E5-B4AE-9D239AB858AC}"
EndProject
Global
	GlobalSection(SolutionConfigurationPlatforms) = preSolution
		Debug|Any CPU = Debug|Any CPU
		Release|Any CPU = Release|Any CPU
	EndGlobalSection
	GlobalSection(ProjectConfigurationPlatforms) = postSolution
		{F3178419-479C-4805-848E-E7CB6E07ACA0}.Debug|Any CPU.ActiveCfg = Debug|Any CPU
		{F3178419-479C-4805-848E-E7CB6E07ACA0}.Debug|Any CPU.Build.0 = Debug|Any CPU
		{F3178419-479C-4805-848E-E7CB6E07ACA0}.Release|Any CPU.ActiveCfg = Release|Any CPU
		{F3178419-479C-4805-848E-E7CB6E07ACA0}.Release|Any CPU.Build.0 = Release|Any CPU
		{D1051509-E00C-4C13-ACBD-BCF294F2A8FB}.Debug|Any CPU.ActiveCfg = Debug|Any CPU
		{D1051509-E00C-4C13-ACBD-BCF294F2A8FB}.Release|Any CPU.ActiveCfg = Release|Any CPU
		{892991B7-3F57-439D-B3A8-F6720196B177}.Debug|Any CPU.ActiveCfg = Debug|Any CPU
		{892991B7-3F57-439D-B3A8-F6720196B177}.Debug|Any CPU.Build.0 = Debug|Any CPU
		{892991B7-3F57-439D-B3A8-F6720196B177}.Release|Any CPU.ActiveCfg = Release|Any CPU
		{892991B7-3F57-439D-B3A8-F6720196B177}.Release|Any CPU.Build.0 = Release|Any CPU
		{EB3FEBE5-82BD-46E5-B4AE-9D239AB858AC}.Debug|Any CPU.ActiveCfg = Debug|Any CPU
		{EB3FEBE5-82BD-46E5-B4AE-9D239AB858AC}.Debug|Any CPU.Build.0 = Debug|Any CPU
		{EB3FEBE5-82BD-46E5-B4AE-9D239AB858AC}.Release|Any CPU.ActiveCfg = Release|Any CPU
		{EB3FEBE5-82BD-46E5-B4AE-9D239AB858AC}.Release|Any CPU.Build.0 = Release|Any CPU
	EndGlobalSection
	GlobalSection(SolutionProperties) = preSolution
		HideSolutionNode = FALSE
	EndGlobalSection
	GlobalSection(ExtensibilityGlobals) = postSolution
		SolutionGuid = {50AE6186-E0FB-48DE-8720-87099C79B79F}
	EndGlobalSection
EndGlobal
